// !$*UTF8*$!
{
	archiveVersion = 1;
	classes = {
	};
	objectVersion = 50;
	objects = {

/* Begin PBXBuildFile section */
		D6AD187F21C60FEA00EF50AF /* AppDelegate.swift in Sources */ = {isa = PBXBuildFile; fileRef = D6AD187E21C60FEA00EF50AF /* AppDelegate.swift */; };
		D6AD188121C60FEA00EF50AF /* ViewController.swift in Sources */ = {isa = PBXBuildFile; fileRef = D6AD188021C60FEA00EF50AF /* ViewController.swift */; };
		D6AD188421C60FEA00EF50AF /* Main.storyboard in Resources */ = {isa = PBXBuildFile; fileRef = D6AD188221C60FEA00EF50AF /* Main.storyboard */; };
		D6AD188621C60FEB00EF50AF /* Assets.xcassets in Resources */ = {isa = PBXBuildFile; fileRef = D6AD188521C60FEB00EF50AF /* Assets.xcassets */; };
		D6AD188921C60FEB00EF50AF /* LaunchScreen.storyboard in Resources */ = {isa = PBXBuildFile; fileRef = D6AD188721C60FEB00EF50AF /* LaunchScreen.storyboard */; };
		D6AD189421C60FEB00EF50AF /* CompareShadowsTests.swift in Sources */ = {isa = PBXBuildFile; fileRef = D6AD189321C60FEB00EF50AF /* CompareShadowsTests.swift */; };
		D6AD189F21C60FEB00EF50AF /* CompareShadowsUITests.swift in Sources */ = {isa = PBXBuildFile; fileRef = D6AD189E21C60FEB00EF50AF /* CompareShadowsUITests.swift */; };
		D6AD18AD21C6124400EF50AF /* ShadowShowableLabel.swift in Sources */ = {isa = PBXBuildFile; fileRef = D6AD18AC21C6124400EF50AF /* ShadowShowableLabel.swift */; };
		D6AD18AF21C6172600EF50AF /* ShadowAttributeSettableLabel.swift in Sources */ = {isa = PBXBuildFile; fileRef = D6AD18AE21C6172600EF50AF /* ShadowAttributeSettableLabel.swift */; };
/* End PBXBuildFile section */

/* Begin PBXContainerItemProxy section */
		D6AD189021C60FEB00EF50AF /* PBXContainerItemProxy */ = {
			isa = PBXContainerItemProxy;
			containerPortal = D6AD187321C60FEA00EF50AF /* Project object */;
			proxyType = 1;
			remoteGlobalIDString = D6AD187A21C60FEA00EF50AF;
			remoteInfo = CompareShadows;
		};
		D6AD189B21C60FEB00EF50AF /* PBXContainerItemProxy */ = {
			isa = PBXContainerItemProxy;
			containerPortal = D6AD187321C60FEA00EF50AF /* Project object */;
			proxyType = 1;
			remoteGlobalIDString = D6AD187A21C60FEA00EF50AF;
			remoteInfo = CompareShadows;
		};
/* End PBXContainerItemProxy section */

/* Begin PBXFileReference section */
		D6AD187B21C60FEA00EF50AF /* CompareShadows.app */ = {isa = PBXFileReference; explicitFileType = wrapper.application; includeInIndex = 0; path = CompareShadows.app; sourceTree = BUILT_PRODUCTS_DIR; };
		D6AD187E21C60FEA00EF50AF /* AppDelegate.swift */ = {isa = PBXFileReference; lastKnownFileType = sourcecode.swift; path = AppDelegate.swift; sourceTree = "<group>"; };
		D6AD188021C60FEA00EF50AF /* ViewController.swift */ = {isa = PBXFileReference; lastKnownFileType = sourcecode.swift; path = ViewController.swift; sourceTree = "<group>"; };
		D6AD188321C60FEA00EF50AF /* Base */ = {isa = PBXFileReference; lastKnownFileType = file.storyboard; name = Base; path = Base.lproj/Main.storyboard; sourceTree = "<group>"; };
		D6AD188521C60FEB00EF50AF /* Assets.xcassets */ = {isa = PBXFileReference; lastKnownFileType = folder.assetcatalog; path = Assets.xcassets; sourceTree = "<group>"; };
		D6AD188821C60FEB00EF50AF /* Base */ = {isa = PBXFileReference; lastKnownFileType = file.storyboard; name = Base; path = Base.lproj/LaunchScreen.storyboard; sourceTree = "<group>"; };
		D6AD188A21C60FEB00EF50AF /* Info.plist */ = {isa = PBXFileReference; lastKnownFileType = text.plist.xml; path = Info.plist; sourceTree = "<group>"; };
		D6AD188F21C60FEB00EF50AF /* CompareShadowsTests.xctest */ = {isa = PBXFileReference; explicitFileType = wrapper.cfbundle; includeInIndex = 0; path = CompareShadowsTests.xctest; sourceTree = BUILT_PRODUCTS_DIR; };
		D6AD189321C60FEB00EF50AF /* CompareShadowsTests.swift */ = {isa = PBXFileReference; lastKnownFileType = sourcecode.swift; path = CompareShadowsTests.swift; sourceTree = "<group>"; };
		D6AD189521C60FEB00EF50AF /* Info.plist */ = {isa = PBXFileReference; lastKnownFileType = text.plist.xml; path = Info.plist; sourceTree = "<group>"; };
		D6AD189A21C60FEB00EF50AF /* CompareShadowsUITests.xctest */ = {isa = PBXFileReference; explicitFileType = wrapper.cfbundle; includeInIndex = 0; path = CompareShadowsUITests.xctest; sourceTree = BUILT_PRODUCTS_DIR; };
		D6AD189E21C60FEB00EF50AF /* CompareShadowsUITests.swift */ = {isa = PBXFileReference; lastKnownFileType = sourcecode.swift; path = CompareShadowsUITests.swift; sourceTree = "<group>"; };
		D6AD18A021C60FEB00EF50AF /* Info.plist */ = {isa = PBXFileReference; lastKnownFileType = text.plist.xml; path = Info.plist; sourceTree = "<group>"; };
		D6AD18AC21C6124400EF50AF /* ShadowShowableLabel.swift */ = {isa = PBXFileReference; lastKnownFileType = sourcecode.swift; path = ShadowShowableLabel.swift; sourceTree = "<group>"; };
		D6AD18AE21C6172600EF50AF /* ShadowAttributeSettableLabel.swift */ = {isa = PBXFileReference; fileEncoding = 4; lastKnownFileType = sourcecode.swift; path = ShadowAttributeSettableLabel.swift; sourceTree = "<group>"; };
/* End PBXFileReference section */

/* Begin PBXFrameworksBuildPhase section */
		D6AD187821C60FEA00EF50AF /* Frameworks */ = {
			isa = PBXFrameworksBuildPhase;
			buildActionMask = 2147483647;
			files = (
			);
			runOnlyForDeploymentPostprocessing = 0;
		};
		D6AD188C21C60FEB00EF50AF /* Frameworks */ = {
			isa = PBXFrameworksBuildPhase;
			buildActionMask = 2147483647;
			files = (
			);
			runOnlyForDeploymentPostprocessing = 0;
		};
		D6AD189721C60FEB00EF50AF /* Frameworks */ = {
			isa = PBXFrameworksBuildPhase;
			buildActionMask = 2147483647;
			files = (
			);
			runOnlyForDeploymentPostprocessing = 0;
		};
/* End PBXFrameworksBuildPhase section */

/* Begin PBXGroup section */
		D6AD187221C60FEA00EF50AF = {
			isa = PBXGroup;
			children = (
				D6AD187D21C60FEA00EF50AF /* CompareShadows */,
				D6AD189221C60FEB00EF50AF /* CompareShadowsTests */,
				D6AD189D21C60FEB00EF50AF /* CompareShadowsUITests */,
				D6AD187C21C60FEA00EF50AF /* Products */,
			);
			sourceTree = "<group>";
		};
		D6AD187C21C60FEA00EF50AF /* Products */ = {
			isa = PBXGroup;
			children = (
				D6AD187B21C60FEA00EF50AF /* CompareShadows.app */,
				D6AD188F21C60FEB00EF50AF /* CompareShadowsTests.xctest */,
				D6AD189A21C60FEB00EF50AF /* CompareShadowsUITests.xctest */,
			);
			name = Products;
			sourceTree = "<group>";
		};
		D6AD187D21C60FEA00EF50AF /* CompareShadows */ = {
			isa = PBXGroup;
			children = (
				D6AD187E21C60FEA00EF50AF /* AppDelegate.swift */,
				D6AD188021C60FEA00EF50AF /* ViewController.swift */,
				D6AD18AC21C6124400EF50AF /* ShadowShowableLabel.swift */,
				D6AD18AE21C6172600EF50AF /* ShadowAttributeSettableLabel.swift */,
				D6AD188221C60FEA00EF50AF /* Main.storyboard */,
				D6AD188521C60FEB00EF50AF /* Assets.xcassets */,
				D6AD188721C60FEB00EF50AF /* LaunchScreen.storyboard */,
				D6AD188A21C60FEB00EF50AF /* Info.plist */,
			);
			path = CompareShadows;
			sourceTree = "<group>";
		};
		D6AD189221C60FEB00EF50AF /* CompareShadowsTests */ = {
			isa = PBXGroup;
			children = (
				D6AD189321C60FEB00EF50AF /* CompareShadowsTests.swift */,
				D6AD189521C60FEB00EF50AF /* Info.plist */,
			);
			path = CompareShadowsTests;
			sourceTree = "<group>";
		};
		D6AD189D21C60FEB00EF50AF /* CompareShadowsUITests */ = {
			isa = PBXGroup;
			children = (
				D6AD189E21C60FEB00EF50AF /* CompareShadowsUITests.swift */,
				D6AD18A021C60FEB00EF50AF /* Info.plist */,
			);
			path = CompareShadowsUITests;
			sourceTree = "<group>";
		};
/* End PBXGroup section */

/* Begin PBXNativeTarget section */
		D6AD187A21C60FEA00EF50AF /* CompareShadows */ = {
			isa = PBXNativeTarget;
			buildConfigurationList = D6AD18A321C60FEB00EF50AF /* Build configuration list for PBXNativeTarget "CompareShadows" */;
			buildPhases = (
				D6AD187721C60FEA00EF50AF /* Sources */,
				D6AD187821C60FEA00EF50AF /* Frameworks */,
				D6AD187921C60FEA00EF50AF /* Resources */,
			);
			buildRules = (
			);
			dependencies = (
			);
			name = CompareShadows;
			productName = CompareShadows;
			productReference = D6AD187B21C60FEA00EF50AF /* CompareShadows.app */;
			productType = "com.apple.product-type.application";
		};
		D6AD188E21C60FEB00EF50AF /* CompareShadowsTests */ = {
			isa = PBXNativeTarget;
			buildConfigurationList = D6AD18A621C60FEB00EF50AF /* Build configuration list for PBXNativeTarget "CompareShadowsTests" */;
			buildPhases = (
				D6AD188B21C60FEB00EF50AF /* Sources */,
				D6AD188C21C60FEB00EF50AF /* Frameworks */,
				D6AD188D21C60FEB00EF50AF /* Resources */,
			);
			buildRules = (
			);
			dependencies = (
				D6AD189121C60FEB00EF50AF /* PBXTargetDependency */,
			);
			name = CompareShadowsTests;
			productName = CompareShadowsTests;
			productReference = D6AD188F21C60FEB00EF50AF /* CompareShadowsTests.xctest */;
			productType = "com.apple.product-type.bundle.unit-test";
		};
		D6AD189921C60FEB00EF50AF /* CompareShadowsUITests */ = {
			isa = PBXNativeTarget;
			buildConfigurationList = D6AD18A921C60FEB00EF50AF /* Build configuration list for PBXNativeTarget "CompareShadowsUITests" */;
			buildPhases = (
				D6AD189621C60FEB00EF50AF /* Sources */,
				D6AD189721C60FEB00EF50AF /* Frameworks */,
				D6AD189821C60FEB00EF50AF /* Resources */,
			);
			buildRules = (
			);
			dependencies = (
				D6AD189C21C60FEB00EF50AF /* PBXTargetDependency */,
			);
			name = CompareShadowsUITests;
			productName = CompareShadowsUITests;
			productReference = D6AD189A21C60FEB00EF50AF /* CompareShadowsUITests.xctest */;
			productType = "com.apple.product-type.bundle.ui-testing";
		};
/* End PBXNativeTarget section */

/* Begin PBXProject section */
		D6AD187321C60FEA00EF50AF /* Project object */ = {
			isa = PBXProject;
			attributes = {
				LastSwiftUpdateCheck = 1010;
				LastUpgradeCheck = 1010;
				ORGANIZATIONNAME = "ge-nie inc";
				TargetAttributes = {
					D6AD187A21C60FEA00EF50AF = {
						CreatedOnToolsVersion = 10.1;
					};
					D6AD188E21C60FEB00EF50AF = {
						CreatedOnToolsVersion = 10.1;
						TestTargetID = D6AD187A21C60FEA00EF50AF;
					};
					D6AD189921C60FEB00EF50AF = {
						CreatedOnToolsVersion = 10.1;
						TestTargetID = D6AD187A21C60FEA00EF50AF;
					};
				};
			};
			buildConfigurationList = D6AD187621C60FEA00EF50AF /* Build configuration list for PBXProject "CompareShadows" */;
			compatibilityVersion = "Xcode 9.3";
			developmentRegion = en;
			hasScannedForEncodings = 0;
			knownRegions = (
				en,
				Base,
			);
			mainGroup = D6AD187221C60FEA00EF50AF;
			productRefGroup = D6AD187C21C60FEA00EF50AF /* Products */;
			projectDirPath = "";
			projectRoot = "";
			targets = (
				D6AD187A21C60FEA00EF50AF /* CompareShadows */,
				D6AD188E21C60FEB00EF50AF /* CompareShadowsTests */,
				D6AD189921C60FEB00EF50AF /* CompareShadowsUITests */,
			);
		};
/* End PBXProject section */

/* Begin PBXResourcesBuildPhase section */
		D6AD187921C60FEA00EF50AF /* Resources */ = {
			isa = PBXResourcesBuildPhase;
			buildActionMask = 2147483647;
			files = (
				D6AD188921C60FEB00EF50AF /* LaunchScreen.storyboard in Resources */,
				D6AD188621C60FEB00EF50AF /* Assets.xcassets in Resources */,
				D6AD188421C60FEA00EF50AF /* Main.storyboard in Resources */,
			);
			runOnlyForDeploymentPostprocessing = 0;
		};
		D6AD188D21C60FEB00EF50AF /* Resources */ = {
			isa = PBXResourcesBuildPhase;
			buildActionMask = 2147483647;
			files = (
			);
			runOnlyForDeploymentPostprocessing = 0;
		};
		D6AD189821C60FEB00EF50AF /* Resources */ = {
			isa = PBXResourcesBuildPhase;
			buildActionMask = 2147483647;
			files = (
			);
			runOnlyForDeploymentPostprocessing = 0;
		};
/* End PBXResourcesBuildPhase section */

/* Begin PBXSourcesBuildPhase section */
		D6AD187721C60FEA00EF50AF /* Sources */ = {
			isa = PBXSourcesBuildPhase;
			buildActionMask = 2147483647;
			files = (
				D6AD18AD21C6124400EF50AF /* ShadowShowableLabel.swift in Sources */,
				D6AD188121C60FEA00EF50AF /* ViewController.swift in Sources */,
				D6AD187F21C60FEA00EF50AF /* AppDelegate.swift in Sources */,
				D6AD18AF21C6172600EF50AF /* ShadowAttributeSettableLabel.swift in Sources */,
			);
			runOnlyForDeploymentPostprocessing = 0;
		};
		D6AD188B21C60FEB00EF50AF /* Sources */ = {
			isa = PBXSourcesBuildPhase;
			buildActionMask = 2147483647;
			files = (
				D6AD189421C60FEB00EF50AF /* CompareShadowsTests.swift in Sources */,
			);
			runOnlyForDeploymentPostprocessing = 0;
		};
		D6AD189621C60FEB00EF50AF /* Sources */ = {
			isa = PBXSourcesBuildPhase;
			buildActionMask = 2147483647;
			files = (
				D6AD189F21C60FEB00EF50AF /* CompareShadowsUITests.swift in Sources */,
			);
			runOnlyForDeploymentPostprocessing = 0;
		};
/* End PBXSourcesBuildPhase section */

/* Begin PBXTargetDependency section */
		D6AD189121C60FEB00EF50AF /* PBXTargetDependency */ = {
			isa = PBXTargetDependency;
			target = D6AD187A21C60FEA00EF50AF /* CompareShadows */;
			targetProxy = D6AD189021C60FEB00EF50AF /* PBXContainerItemProxy */;
		};
		D6AD189C21C60FEB00EF50AF /* PBXTargetDependency */ = {
			isa = PBXTargetDependency;
			target = D6AD187A21C60FEA00EF50AF /* CompareShadows */;
			targetProxy = D6AD189B21C60FEB00EF50AF /* PBXContainerItemProxy */;
		};
/* End PBXTargetDependency section */

/* Begin PBXVariantGroup section */
		D6AD188221C60FEA00EF50AF /* Main.storyboard */ = {
			isa = PBXVariantGroup;
			children = (
				D6AD188321C60FEA00EF50AF /* Base */,
			);
			name = Main.storyboard;
			sourceTree = "<group>";
		};
		D6AD188721C60FEB00EF50AF /* LaunchScreen.storyboard */ = {
			isa = PBXVariantGroup;
			children = (
				D6AD188821C60FEB00EF50AF /* Base */,
			);
			name = LaunchScreen.storyboard;
			sourceTree = "<group>";
		};
/* End PBXVariantGroup section */

/* Begin XCBuildConfiguration section */
		D6AD18A121C60FEB00EF50AF /* Debug */ = {
			isa = XCBuildConfiguration;
			buildSettings = {
				ALWAYS_SEARCH_USER_PATHS = NO;
				CLANG_ANALYZER_NONNULL = YES;
				CLANG_ANALYZER_NUMBER_OBJECT_CONVERSION = YES_AGGRESSIVE;
				CLANG_CXX_LANGUAGE_STANDARD = "gnu++14";
				CLANG_CXX_LIBRARY = "libc++";
				CLANG_ENABLE_MODULES = YES;
				CLANG_ENABLE_OBJC_ARC = YES;
				CLANG_ENABLE_OBJC_WEAK = YES;
				CLANG_WARN_BLOCK_CAPTURE_AUTORELEASING = YES;
				CLANG_WARN_BOOL_CONVERSION = YES;
				CLANG_WARN_COMMA = YES;
				CLANG_WARN_CONSTANT_CONVERSION = YES;
				CLANG_WARN_DEPRECATED_OBJC_IMPLEMENTATIONS = YES;
				CLANG_WARN_DIRECT_OBJC_ISA_USAGE = YES_ERROR;
				CLANG_WARN_DOCUMENTATION_COMMENTS = YES;
				CLANG_WARN_EMPTY_BODY = YES;
				CLANG_WARN_ENUM_CONVERSION = YES;
				CLANG_WARN_INFINITE_RECURSION = YES;
				CLANG_WARN_INT_CONVERSION = YES;
				CLANG_WARN_NON_LITERAL_NULL_CONVERSION = YES;
				CLANG_WARN_OBJC_IMPLICIT_RETAIN_SELF = YES;
				CLANG_WARN_OBJC_LITERAL_CONVERSION = YES;
				CLANG_WARN_OBJC_ROOT_CLASS = YES_ERROR;
				CLANG_WARN_RANGE_LOOP_ANALYSIS = YES;
				CLANG_WARN_STRICT_PROTOTYPES = YES;
				CLANG_WARN_SUSPICIOUS_MOVE = YES;
				CLANG_WARN_UNGUARDED_AVAILABILITY = YES_AGGRESSIVE;
				CLANG_WARN_UNREACHABLE_CODE = YES;
				CLANG_WARN__DUPLICATE_METHOD_MATCH = YES;
				CODE_SIGN_IDENTITY = "iPhone Developer";
				COPY_PHASE_STRIP = NO;
				DEBUG_INFORMATION_FORMAT = dwarf;
				ENABLE_STRICT_OBJC_MSGSEND = YES;
				ENABLE_TESTABILITY = YES;
				GCC_C_LANGUAGE_STANDARD = gnu11;
				GCC_DYNAMIC_NO_PIC = NO;
				GCC_NO_COMMON_BLOCKS = YES;
				GCC_OPTIMIZATION_LEVEL = 0;
				GCC_PREPROCESSOR_DEFINITIONS = (
					"DEBUG=1",
					"$(inherited)",
				);
				GCC_WARN_64_TO_32_BIT_CONVERSION = YES;
				GCC_WARN_ABOUT_RETURN_TYPE = YES_ERROR;
				GCC_WARN_UNDECLARED_SELECTOR = YES;
				GCC_WARN_UNINITIALIZED_AUTOS = YES_AGGRESSIVE;
				GCC_WARN_UNUSED_FUNCTION = YES;
				GCC_WARN_UNUSED_VARIABLE = YES;
				IPHONEOS_DEPLOYMENT_TARGET = 12.1;
				MTL_ENABLE_DEBUG_INFO = INCLUDE_SOURCE;
				MTL_FAST_MATH = YES;
				ONLY_ACTIVE_ARCH = YES;
				SDKROOT = iphoneos;
				SWIFT_ACTIVE_COMPILATION_CONDITIONS = DEBUG;
				SWIFT_OPTIMIZATION_LEVEL = "-Onone";
			};
			name = Debug;
		};
		D6AD18A221C60FEB00EF50AF /* Release */ = {
			isa = XCBuildConfiguration;
			buildSettings = {
				ALWAYS_SEARCH_USER_PATHS = NO;
				CLANG_ANALYZER_NONNULL = YES;
				CLANG_ANALYZER_NUMBER_OBJECT_CONVERSION = YES_AGGRESSIVE;
				CLANG_CXX_LANGUAGE_STANDARD = "gnu++14";
				CLANG_CXX_LIBRARY = "libc++";
				CLANG_ENABLE_MODULES = YES;
				CLANG_ENABLE_OBJC_ARC = YES;
				CLANG_ENABLE_OBJC_WEAK = YES;
				CLANG_WARN_BLOCK_CAPTURE_AUTORELEASING = YES;
				CLANG_WARN_BOOL_CONVERSION = YES;
				CLANG_WARN_COMMA = YES;
				CLANG_WARN_CONSTANT_CONVERSION = YES;
				CLANG_WARN_DEPRECATED_OBJC_IMPLEMENTATIONS = YES;
				CLANG_WARN_DIRECT_OBJC_ISA_USAGE = YES_ERROR;
				CLANG_WARN_DOCUMENTATION_COMMENTS = YES;
				CLANG_WARN_EMPTY_BODY = YES;
				CLANG_WARN_ENUM_CONVERSION = YES;
				CLANG_WARN_INFINITE_RECURSION = YES;
				CLANG_WARN_INT_CONVERSION = YES;
				CLANG_WARN_NON_LITERAL_NULL_CONVERSION = YES;
				CLANG_WARN_OBJC_IMPLICIT_RETAIN_SELF = YES;
				CLANG_WARN_OBJC_LITERAL_CONVERSION = YES;
				CLANG_WARN_OBJC_ROOT_CLASS = YES_ERROR;
				CLANG_WARN_RANGE_LOOP_ANALYSIS = YES;
				CLANG_WARN_STRICT_PROTOTYPES = YES;
				CLANG_WARN_SUSPICIOUS_MOVE = YES;
				CLANG_WARN_UNGUARDED_AVAILABILITY = YES_AGGRESSIVE;
				CLANG_WARN_UNREACHABLE_CODE = YES;
				CLANG_WARN__DUPLICATE_METHOD_MATCH = YES;
				CODE_SIGN_IDENTITY = "iPhone Developer";
				COPY_PHASE_STRIP = NO;
				DEBUG_INFORMATION_FORMAT = "dwarf-with-dsym";
				ENABLE_NS_ASSERTIONS = NO;
				ENABLE_STRICT_OBJC_MSGSEND = YES;
				GCC_C_LANGUAGE_STANDARD = gnu11;
				GCC_NO_COMMON_BLOCKS = YES;
				GCC_WARN_64_TO_32_BIT_CONVERSION = YES;
				GCC_WARN_ABOUT_RETURN_TYPE = YES_ERROR;
				GCC_WARN_UNDECLARED_SELECTOR = YES;
				GCC_WARN_UNINITIALIZED_AUTOS = YES_AGGRESSIVE;
				GCC_WARN_UNUSED_FUNCTION = YES;
				GCC_WARN_UNUSED_VARIABLE = YES;
				IPHONEOS_DEPLOYMENT_TARGET = 12.1;
				MTL_ENABLE_DEBUG_INFO = NO;
				MTL_FAST_MATH = YES;
				SDKROOT = iphoneos;
				SWIFT_COMPILATION_MODE = wholemodule;
				SWIFT_OPTIMIZATION_LEVEL = "-O";
				VALIDATE_PRODUCT = YES;
			};
			name = Release;
		};
		D6AD18A421C60FEB00EF50AF /* Debug */ = {
			isa = XCBuildConfiguration;
			buildSettings = {
				ASSETCATALOG_COMPILER_APPICON_NAME = AppIcon;
				CODE_SIGN_STYLE = Automatic;
				DEVELOPMENT_TEAM = "";
				INFOPLIST_FILE = CompareShadows/Info.plist;
				LD_RUNPATH_SEARCH_PATHS = (
					"$(inherited)",
					"@executable_path/Frameworks",
				);
				PRODUCT_BUNDLE_IDENTIFIER = "ge-nie-inc.CompareShadows";
				PRODUCT_NAME = "$(TARGET_NAME)";
				SWIFT_VERSION = 4.2;
				TARGETED_DEVICE_FAMILY = "1,2";
			};
			name = Debug;
		};
		D6AD18A521C60FEB00EF50AF /* Release */ = {
			isa = XCBuildConfiguration;
			buildSettings = {
				ASSETCATALOG_COMPILER_APPICON_NAME = AppIcon;
				CODE_SIGN_STYLE = Automatic;
				DEVELOPMENT_TEAM = "";
				INFOPLIST_FILE = CompareShadows/Info.plist;
				LD_RUNPATH_SEARCH_PATHS = (
					"$(inherited)",
					"@executable_path/Frameworks",
				);
				PRODUCT_BUNDLE_IDENTIFIER = "ge-nie-inc.CompareShadows";
				PRODUCT_NAME = "$(TARGET_NAME)";
				SWIFT_VERSION = 4.2;
				TARGETED_DEVICE_FAMILY = "1,2";
			};
			name = Release;
		};
		D6AD18A721C60FEB00EF50AF /* Debug */ = {
			isa = XCBuildConfiguration;
			buildSettings = {
				ALWAYS_EMBED_SWIFT_STANDARD_LIBRARIES = YES;
				BUNDLE_LOADER = "$(TEST_HOST)";
				CODE_SIGN_STYLE = Automatic;
				DEVELOPMENT_TEAM = 94CEFW22UD;
				INFOPLIST_FILE = CompareShadowsTests/Info.plist;
				LD_RUNPATH_SEARCH_PATHS = (
					"$(inherited)",
					"@executable_path/Frameworks",
					"@loader_path/Frameworks",
				);
				PRODUCT_BUNDLE_IDENTIFIER = "ge-nie-inc.CompareShadowsTests";
				PRODUCT_NAME = "$(TARGET_NAME)";
				SWIFT_VERSION = 4.2;
				TARGETED_DEVICE_FAMILY = "1,2";
				TEST_HOST = "$(BUILT_PRODUCTS_DIR)/CompareShadows.app/CompareShadows";
			};
			name = Debug;
		};
		D6AD18A821C60FEB00EF50AF /* Release */ = {
			isa = XCBuildConfiguration;
			buildSettings = {
				ALWAYS_EMBED_SWIFT_STANDARD_LIBRARIES = YES;
				BUNDLE_LOADER = "$(TEST_HOST)";
				CODE_SIGN_STYLE = Automatic;
				DEVELOPMENT_TEAM = 94CEFW22UD;
				INFOPLIST_FILE = CompareShadowsTests/Info.plist;
				LD_RUNPATH_SEARCH_PATHS = (
					"$(inherited)",
					"@executable_path/Frameworks",
					"@loader_path/Frameworks",
				);
				PRODUCT_BUNDLE_IDENTIFIER = "ge-nie-inc.CompareShadowsTests";
				PRODUCT_NAME = "$(TARGET_NAME)";
				SWIFT_VERSION = 4.2;
				TARGETED_DEVICE_FAMILY = "1,2";
				TEST_HOST = "$(BUILT_PRODUCTS_DIR)/CompareShadows.app/CompareShadows";
			};
			name = Release;
		};
		D6AD18AA21C60FEB00EF50AF /* Debug */ = {
			isa = XCBuildConfiguration;
			buildSettings = {
				ALWAYS_EMBED_SWIFT_STANDARD_LIBRARIES = YES;
				CODE_SIGN_STYLE = Automatic;
				DEVELOPMENT_TEAM = 94CEFW22UD;
				INFOPLIST_FILE = CompareShadowsUITests/Info.plist;
				LD_RUNPATH_SEARCH_PATHS = (
					"$(inherited)",
					"@executable_path/Frameworks",
					"@loader_path/Frameworks",
				);
				PRODUCT_BUNDLE_IDENTIFIER = "ge-nie-inc.CompareShadowsUITests";
				PRODUCT_NAME = "$(TARGET_NAME)";
				SWIFT_VERSION = 4.2;
				TARGETED_DEVICE_FAMILY = "1,2";
				TEST_TARGET_NAME = CompareShadows;
			};
			name = Debug;
		};
		D6AD18AB21C60FEB00EF50AF /* Release */ = {
			isa = XCBuildConfiguration;
			buildSettings = {
				ALWAYS_EMBED_SWIFT_STANDARD_LIBRARIES = YES;
				CODE_SIGN_STYLE = Automatic;
				DEVELOPMENT_TEAM = 94CEFW22UD;
				INFOPLIST_FILE = CompareShadowsUITests/Info.plist;
				LD_RUNPATH_SEARCH_PATHS = (
					"$(inherited)",
					"@executable_path/Frameworks",
					"@loader_path/Frameworks",
				);
				PRODUCT_BUNDLE_IDENTIFIER = "ge-nie-inc.CompareShadowsUITests";
				PRODUCT_NAME = "$(TARGET_NAME)";
				SWIFT_VERSION = 4.2;
				TARGETED_DEVICE_FAMILY = "1,2";
				TEST_TARGET_NAME = CompareShadows;
			};
			name = Release;
		};
/* End XCBuildConfiguration section */

/* Begin XCConfigurationList section */
		D6AD187621C60FEA00EF50AF /* Build configuration list for PBXProject "CompareShadows" */ = {
			isa = XCConfigurationList;
			buildConfigurations = (
				D6AD18A121C60FEB00EF50AF /* Debug */,
				D6AD18A221C60FEB00EF50AF /* Release */,
			);
			defaultConfigurationIsVisible = 0;
			defaultConfigurationName = Release;
		};
		D6AD18A321C60FEB00EF50AF /* Build configuration list for PBXNativeTarget "CompareShadows" */ = {
			isa = XCConfigurationList;
			buildConfigurations = (
				D6AD18A421C60FEB00EF50AF /* Debug */,
				D6AD18A521C60FEB00EF50AF /* Release */,
			);
			defaultConfigurationIsVisible = 0;
			defaultConfigurationName = Release;
		};
		D6AD18A621C60FEB00EF50AF /* Build configuration list for PBXNativeTarget "CompareShadowsTests" */ = {
			isa = XCConfigurationList;
			buildConfigurations = (
				D6AD18A721C60FEB00EF50AF /* Debug */,
				D6AD18A821C60FEB00EF50AF /* Release */,
			);
			defaultConfigurationIsVisible = 0;
			defaultConfigurationName = Release;
		};
		D6AD18A921C60FEB00EF50AF /* Build configuration list for PBXNativeTarget "CompareShadowsUITests" */ = {
			isa = XCConfigurationList;
			buildConfigurations = (
				D6AD18AA21C60FEB00EF50AF /* Debug */,
				D6AD18AB21C60FEB00EF50AF /* Release */,
			);
			defaultConfigurationIsVisible = 0;
			defaultConfigurationName = Release;
		};
/* End XCConfigurationList section */
	};
	rootObject = D6AD187321C60FEA00EF50AF /* Project object */;
}
